
Microsoft Visual Studio Solution File, Format Version 12.00
# Visual Studio Version 16
VisualStudioVersion = 16.0.30128.74
MinimumVisualStudioVersion = 10.0.40219.1
Project("{FAE04EC0-301F-11D3-BF4B-00C04F79EFBC}") = "UI", "UI\UI.csproj", "{186573D5-EAB6-4701-B8F2-1FFCF7D6CE8B}"
EndProject
Project("{FAE04EC0-301F-11D3-BF4B-00C04F79EFBC}") = "Logic", "Logic\Logic.csproj", "{A1519848-1772-4605-BF28-EA23151D36C3}"
EndProject
Global
	GlobalSection(SolutionConfigurationPlatforms) = preSolution
		Debug|Any CPU = Debug|Any CPU
		Release|Any CPU = Release|Any CPU
	EndGlobalSection
	GlobalSection(ProjectConfigurationPlatforms) = postSolution
		{186573D5-EAB6-4701-B8F2-1FFCF7D6CE8B}.Debug|Any CPU.ActiveCfg = Debug|Any CPU
		{186573D5-EAB6-4701-B8F2-1FFCF7D6CE8B}.Debug|Any CPU.Build.0 = Debug|Any CPU
		{186573D5-EAB6-4701-B8F2-1FFCF7D6CE8B}.Release|Any CPU.ActiveCfg = Release|Any CPU
		{186573D5-EAB6-4701-B8F2-1FFCF7D6CE8B}.Release|Any CPU.Build.0 = Release|Any CPU
		{A1519848-1772-4605-BF28-EA23151D36C3}.Debug|Any CPU.ActiveCfg = Debug|Any CPU
		{A1519848-1772-4605-BF28-EA23151D36C3}.Debug|Any CPU.Build.0 = Debug|Any CPU
		{A1519848-1772-4605-BF28-EA23151D36C3}.Release|Any CPU.ActiveCfg = Release|Any CPU
		{A1519848-1772-4605-BF28-EA23151D36C3}.Release|Any CPU.Build.0 = Release|Any CPU
	EndGlobalSection
	GlobalSection(SolutionProperties) = preSolution
		HideSolutionNode = FALSE
	EndGlobalSection
	GlobalSection(ExtensibilityGlobals) = postSolution
		SolutionGuid = {97DDE8F1-1ED0-40DD-9592-503F805CBE4E}
	EndGlobalSection
EndGlobal
